
Microsoft Visual Studio Solution File, Format Version 12.00
# Visual Studio Version 16
VisualStudioVersion = 16.0.30804.86
MinimumVisualStudioVersion = 10.0.40219.1
Project("{FAE04EC0-301F-11D3-BF4B-00C04F79EFBC}") = "DSRG", "DSG\DSRG.csproj", "{81F669FD-EB44-4D93-873F-B80FF96F5949}"
EndProject
Project("{FAE04EC0-301F-11D3-BF4B-00C04F79EFBC}") = "Controles_Personalizado", "DSG\Controles_Personalizado\Controles_Personalizado.csproj", "{C1640024-9A81-4016-A138-1C144EEBE48C}"
EndProject
Global
	GlobalSection(SolutionConfigurationPlatforms) = preSolution
		Debug|Any CPU = Debug|Any CPU
		Release|Any CPU = Release|Any CPU
	EndGlobalSection
	GlobalSection(ProjectConfigurationPlatforms) = postSolution
		{81F669FD-EB44-4D93-873F-B80FF96F5949}.Debug|Any CPU.ActiveCfg = Debug|Any CPU
		{81F669FD-EB44-4D93-873F-B80FF96F5949}.Debug|Any CPU.Build.0 = Debug|Any CPU
		{81F669FD-EB44-4D93-873F-B80FF96F5949}.Release|Any CPU.ActiveCfg = Release|Any CPU
		{81F669FD-EB44-4D93-873F-B80FF96F5949}.Release|Any CPU.Build.0 = Release|Any CPU
		{C1640024-9A81-4016-A138-1C144EEBE48C}.Debug|Any CPU.ActiveCfg = Debug|Any CPU
		{C1640024-9A81-4016-A138-1C144EEBE48C}.Debug|Any CPU.Build.0 = Debug|Any CPU
		{C1640024-9A81-4016-A138-1C144EEBE48C}.Release|Any CPU.ActiveCfg = Release|Any CPU
		{C1640024-9A81-4016-A138-1C144EEBE48C}.Release|Any CPU.Build.0 = Release|Any CPU
	EndGlobalSection
	GlobalSection(SolutionProperties) = preSolution
		HideSolutionNode = FALSE
	EndGlobalSection
	GlobalSection(ExtensibilityGlobals) = postSolution
		SolutionGuid = {77E62CE0-286A-471E-B996-170D274A2B9D}
	EndGlobalSection
EndGlobal
